
Microsoft Visual Studio Solution File, Format Version 12.00
# Visual Studio Version 17
VisualStudioVersion = 17.1.32421.90
MinimumVisualStudioVersion = 10.0.40219.1
Project("{9A19103F-16F7-4668-BE54-9A1E7A4F7556}") = "DevicesManagement", "DevicesMenagement\DevicesManagement.csproj", "{F2B0B957-76DD-4E8E-951B-1A45F6727C63}"
EndProject
Global
	GlobalSection(SolutionConfigurationPlatforms) = preSolution
		Debug|Any CPU = Debug|Any CPU
		Release|Any CPU = Release|Any CPU
	EndGlobalSection
	GlobalSection(ProjectConfigurationPlatforms) = postSolution
		{F2B0B957-76DD-4E8E-951B-1A45F6727C63}.Debug|Any CPU.ActiveCfg = Debug|Any CPU
		{F2B0B957-76DD-4E8E-951B-1A45F6727C63}.Debug|Any CPU.Build.0 = Debug|Any CPU
		{F2B0B957-76DD-4E8E-951B-1A45F6727C63}.Release|Any CPU.ActiveCfg = Release|Any CPU
		{F2B0B957-76DD-4E8E-951B-1A45F6727C63}.Release|Any CPU.Build.0 = Release|Any CPU
	EndGlobalSection
	GlobalSection(SolutionProperties) = preSolution
		HideSolutionNode = FALSE
	EndGlobalSection
	GlobalSection(ExtensibilityGlobals) = postSolution
		SolutionGuid = {1BE19B0F-A521-48C6-9466-14E1B71E1693}
	EndGlobalSection
EndGlobal
